
Microsoft Visual Studio Solution File, Format Version 12.00
# Visual Studio Version 16
VisualStudioVersion = 16.0.29613.14
MinimumVisualStudioVersion = 10.0.40219.1
Project("{9A19103F-16F7-4668-BE54-9A1E7A4F7556}") = "Jal.HttpClient", "Jal.HttpClient\Jal.HttpClient.csproj", "{5BBE156D-E724-47D0-88B8-0EC6B0FB7E33}"
EndProject
Project("{9A19103F-16F7-4668-BE54-9A1E7A4F7556}") = "Jal.HttpClient.Installer", "Jal.HttpClient.Installer\Jal.HttpClient.Installer.csproj", "{CF1F1EE3-47F7-4F53-9AAE-C6AAB6BE7598}"
EndProject
Project("{9A19103F-16F7-4668-BE54-9A1E7A4F7556}") = "Jal.HttpClient.Common.Logging", "Jal.HttpClient.Common.Logging\Jal.HttpClient.Common.Logging.csproj", "{A4FB5D41-F423-4977-B44F-480B2A5E5976}"
EndProject
Project("{9A19103F-16F7-4668-BE54-9A1E7A4F7556}") = "Jal.HttpClient.LightInject.Installer", "Jal.HttpClient.LightInject.Installer\Jal.HttpClient.LightInject.Installer.csproj", "{9990C0E8-E3E2-486F-A5BC-2D1CF34D0ADF}"
EndProject
Project("{2150E333-8FDC-42A3-9474-1A3956D46DE8}") = "Solution Items", "Solution Items", "{328D38A0-3EBC-40F3-91D9-A20E74AE729F}"
	ProjectSection(SolutionItems) = preProject
		README.md = README.md
	EndProjectSection
EndProject
Project("{9A19103F-16F7-4668-BE54-9A1E7A4F7556}") = "Jal.HttpClient.ApplicationInsights", "Jal.HttpClient.ApplicationInsights\Jal.HttpClient.ApplicationInsights.csproj", "{7009D698-DC51-4ADC-8A6A-8578216492C0}"
EndProject
Project("{9A19103F-16F7-4668-BE54-9A1E7A4F7556}") = "Jal.HttpClient.Polly", "Jal.HttpClient.Polly\Jal.HttpClient.Polly.csproj", "{993FFB99-546D-4B46-8B40-6313C3DCE3EC}"
EndProject
Project("{9A19103F-16F7-4668-BE54-9A1E7A4F7556}") = "Jal.HttpClient.Serilog", "Jal.HttpClient.Serilog\Jal.HttpClient.Serilog.csproj", "{B1E2C490-4332-45A9-B2E0-BA424635D5D5}"
EndProject
Project("{9A19103F-16F7-4668-BE54-9A1E7A4F7556}") = "Jal.HttpClient.Tests", "Jal.HttpClient.Tests\Jal.HttpClient.Tests.csproj", "{43B8C37F-F5F0-4A7F-B5A9-1528FAF09621}"
EndProject
Project("{9A19103F-16F7-4668-BE54-9A1E7A4F7556}") = "Jal.HttpClient.Microsoft.Extensions.DependencyInjection.Installer", "Jal.HttpClient.Microsoft.Extensions.DependencyInjection.Installer\Jal.HttpClient.Microsoft.Extensions.DependencyInjection.Installer.csproj", "{54B0A665-EB47-41DD-AE13-59A003FEC948}"
EndProject
Global
	GlobalSection(SolutionConfigurationPlatforms) = preSolution
		Debug|Any CPU = Debug|Any CPU
		Release|Any CPU = Release|Any CPU
	EndGlobalSection
	GlobalSection(ProjectConfigurationPlatforms) = postSolution
		{5BBE156D-E724-47D0-88B8-0EC6B0FB7E33}.Debug|Any CPU.ActiveCfg = Debug|Any CPU
		{5BBE156D-E724-47D0-88B8-0EC6B0FB7E33}.Debug|Any CPU.Build.0 = Debug|Any CPU
		{5BBE156D-E724-47D0-88B8-0EC6B0FB7E33}.Release|Any CPU.ActiveCfg = Release|Any CPU
		{5BBE156D-E724-47D0-88B8-0EC6B0FB7E33}.Release|Any CPU.Build.0 = Release|Any CPU
		{CF1F1EE3-47F7-4F53-9AAE-C6AAB6BE7598}.Debug|Any CPU.ActiveCfg = Debug|Any CPU
		{CF1F1EE3-47F7-4F53-9AAE-C6AAB6BE7598}.Debug|Any CPU.Build.0 = Debug|Any CPU
		{CF1F1EE3-47F7-4F53-9AAE-C6AAB6BE7598}.Release|Any CPU.ActiveCfg = Release|Any CPU
		{CF1F1EE3-47F7-4F53-9AAE-C6AAB6BE7598}.Release|Any CPU.Build.0 = Release|Any CPU
		{A4FB5D41-F423-4977-B44F-480B2A5E5976}.Debug|Any CPU.ActiveCfg = Debug|Any CPU
		{A4FB5D41-F423-4977-B44F-480B2A5E5976}.Debug|Any CPU.Build.0 = Debug|Any CPU
		{A4FB5D41-F423-4977-B44F-480B2A5E5976}.Release|Any CPU.ActiveCfg = Release|Any CPU
		{A4FB5D41-F423-4977-B44F-480B2A5E5976}.Release|Any CPU.Build.0 = Release|Any CPU
		{9990C0E8-E3E2-486F-A5BC-2D1CF34D0ADF}.Debug|Any CPU.ActiveCfg = Debug|Any CPU
		{9990C0E8-E3E2-486F-A5BC-2D1CF34D0ADF}.Debug|Any CPU.Build.0 = Debug|Any CPU
		{9990C0E8-E3E2-486F-A5BC-2D1CF34D0ADF}.Release|Any CPU.ActiveCfg = Release|Any CPU
		{9990C0E8-E3E2-486F-A5BC-2D1CF34D0ADF}.Release|Any CPU.Build.0 = Release|Any CPU
		{7009D698-DC51-4ADC-8A6A-8578216492C0}.Debug|Any CPU.ActiveCfg = Debug|Any CPU
		{7009D698-DC51-4ADC-8A6A-8578216492C0}.Debug|Any CPU.Build.0 = Debug|Any CPU
		{7009D698-DC51-4ADC-8A6A-8578216492C0}.Release|Any CPU.ActiveCfg = Release|Any CPU
		{7009D698-DC51-4ADC-8A6A-8578216492C0}.Release|Any CPU.Build.0 = Release|Any CPU
		{993FFB99-546D-4B46-8B40-6313C3DCE3EC}.Debug|Any CPU.ActiveCfg = Debug|Any CPU
		{993FFB99-546D-4B46-8B40-6313C3DCE3EC}.Debug|Any CPU.Build.0 = Debug|Any CPU
		{993FFB99-546D-4B46-8B40-6313C3DCE3EC}.Release|Any CPU.ActiveCfg = Release|Any CPU
		{993FFB99-546D-4B46-8B40-6313C3DCE3EC}.Release|Any CPU.Build.0 = Release|Any CPU
		{B1E2C490-4332-45A9-B2E0-BA424635D5D5}.Debug|Any CPU.ActiveCfg = Debug|Any CPU
		{B1E2C490-4332-45A9-B2E0-BA424635D5D5}.Debug|Any CPU.Build.0 = Debug|Any CPU
		{B1E2C490-4332-45A9-B2E0-BA424635D5D5}.Release|Any CPU.ActiveCfg = Release|Any CPU
		{B1E2C490-4332-45A9-B2E0-BA424635D5D5}.Release|Any CPU.Build.0 = Release|Any CPU
		{43B8C37F-F5F0-4A7F-B5A9-1528FAF09621}.Debug|Any CPU.ActiveCfg = Debug|Any CPU
		{43B8C37F-F5F0-4A7F-B5A9-1528FAF09621}.Debug|Any CPU.Build.0 = Debug|Any CPU
		{43B8C37F-F5F0-4A7F-B5A9-1528FAF09621}.Release|Any CPU.ActiveCfg = Release|Any CPU
		{43B8C37F-F5F0-4A7F-B5A9-1528FAF09621}.Release|Any CPU.Build.0 = Release|Any CPU
		{54B0A665-EB47-41DD-AE13-59A003FEC948}.Debug|Any CPU.ActiveCfg = Debug|Any CPU
		{54B0A665-EB47-41DD-AE13-59A003FEC948}.Debug|Any CPU.Build.0 = Debug|Any CPU
		{54B0A665-EB47-41DD-AE13-59A003FEC948}.Release|Any CPU.ActiveCfg = Release|Any CPU
		{54B0A665-EB47-41DD-AE13-59A003FEC948}.Release|Any CPU.Build.0 = Release|Any CPU
	EndGlobalSection
	GlobalSection(SolutionProperties) = preSolution
		HideSolutionNode = FALSE
	EndGlobalSection
	GlobalSection(ExtensibilityGlobals) = postSolution
		SolutionGuid = {AFB58E5F-D0DD-45A1-9BA6-EC2FB94D7EA4}
	EndGlobalSection
EndGlobal
